// !$*UTF8*$!
{
	archiveVersion = 1;
	classes = {
	};
	objectVersion = 46;
	objects = {

/* Begin PBXBuildFile section */
		17A317131ADCBA7800CE03AB /* AppDelegate.swift in Sources */ = {isa = PBXBuildFile; fileRef = 17A317121ADCBA7800CE03AB /* AppDelegate.swift */; };
		17A317151ADCBA7800CE03AB /* ViewController.swift in Sources */ = {isa = PBXBuildFile; fileRef = 17A317141ADCBA7800CE03AB /* ViewController.swift */; };
		17A317181ADCBA7800CE03AB /* Main.storyboard in Resources */ = {isa = PBXBuildFile; fileRef = 17A317161ADCBA7800CE03AB /* Main.storyboard */; };
		17A3171A1ADCBA7800CE03AB /* Images.xcassets in Resources */ = {isa = PBXBuildFile; fileRef = 17A317191ADCBA7800CE03AB /* Images.xcassets */; };
		17A3171D1ADCBA7800CE03AB /* LaunchScreen.xib in Resources */ = {isa = PBXBuildFile; fileRef = 17A3171B1ADCBA7800CE03AB /* LaunchScreen.xib */; };
		17A317291ADCBA7800CE03AB /* iOS_Black_JackTests.swift in Sources */ = {isa = PBXBuildFile; fileRef = 17A317281ADCBA7800CE03AB /* iOS_Black_JackTests.swift */; };
/* End PBXBuildFile section */

/* Begin PBXContainerItemProxy section */
		17A317231ADCBA7800CE03AB /* PBXContainerItemProxy */ = {
			isa = PBXContainerItemProxy;
			containerPortal = 17A317051ADCBA7800CE03AB /* Project object */;
			proxyType = 1;
			remoteGlobalIDString = 17A3170C1ADCBA7800CE03AB;
			remoteInfo = iOS_Black_Jack;
		};
/* End PBXContainerItemProxy section */

/* Begin PBXFileReference section */
		17A3170D1ADCBA7800CE03AB /* iOS_Black_Jack.app */ = {isa = PBXFileReference; explicitFileType = wrapper.application; includeInIndex = 0; path = iOS_Black_Jack.app; sourceTree = BUILT_PRODUCTS_DIR; };
		17A317111ADCBA7800CE03AB /* Info.plist */ = {isa = PBXFileReference; lastKnownFileType = text.plist.xml; path = Info.plist; sourceTree = "<group>"; };
		17A317121ADCBA7800CE03AB /* AppDelegate.swift */ = {isa = PBXFileReference; lastKnownFileType = sourcecode.swift; path = AppDelegate.swift; sourceTree = "<group>"; };
		17A317141ADCBA7800CE03AB /* ViewController.swift */ = {isa = PBXFileReference; lastKnownFileType = sourcecode.swift; path = ViewController.swift; sourceTree = "<group>"; };
		17A317171ADCBA7800CE03AB /* Base */ = {isa = PBXFileReference; lastKnownFileType = file.storyboard; name = Base; path = Base.lproj/Main.storyboard; sourceTree = "<group>"; };
		17A317191ADCBA7800CE03AB /* Images.xcassets */ = {isa = PBXFileReference; lastKnownFileType = folder.assetcatalog; path = Images.xcassets; sourceTree = "<group>"; };
		17A3171C1ADCBA7800CE03AB /* Base */ = {isa = PBXFileReference; lastKnownFileType = file.xib; name = Base; path = Base.lproj/LaunchScreen.xib; sourceTree = "<group>"; };
		17A317221ADCBA7800CE03AB /* iOS_Black_JackTests.xctest */ = {isa = PBXFileReference; explicitFileType = wrapper.cfbundle; includeInIndex = 0; path = iOS_Black_JackTests.xctest; sourceTree = BUILT_PRODUCTS_DIR; };
		17A317271ADCBA7800CE03AB /* Info.plist */ = {isa = PBXFileReference; lastKnownFileType = text.plist.xml; path = Info.plist; sourceTree = "<group>"; };
		17A317281ADCBA7800CE03AB /* iOS_Black_JackTests.swift */ = {isa = PBXFileReference; lastKnownFileType = sourcecode.swift; path = iOS_Black_JackTests.swift; sourceTree = "<group>"; };
/* End PBXFileReference section */

/* Begin PBXFrameworksBuildPhase section */
		17A3170A1ADCBA7800CE03AB /* Frameworks */ = {
			isa = PBXFrameworksBuildPhase;
			buildActionMask = 2147483647;
			files = (
			);
			runOnlyForDeploymentPostprocessing = 0;
		};
		17A3171F1ADCBA7800CE03AB /* Frameworks */ = {
			isa = PBXFrameworksBuildPhase;
			buildActionMask = 2147483647;
			files = (
			);
			runOnlyForDeploymentPostprocessing = 0;
		};
/* End PBXFrameworksBuildPhase section */

/* Begin PBXGroup section */
		17A317041ADCBA7800CE03AB = {
			isa = PBXGroup;
			children = (
				17A3170F1ADCBA7800CE03AB /* iOS_Black_Jack */,
				17A317251ADCBA7800CE03AB /* iOS_Black_JackTests */,
				17A3170E1ADCBA7800CE03AB /* Products */,
			);
			sourceTree = "<group>";
		};
		17A3170E1ADCBA7800CE03AB /* Products */ = {
			isa = PBXGroup;
			children = (
				17A3170D1ADCBA7800CE03AB /* iOS_Black_Jack.app */,
				17A317221ADCBA7800CE03AB /* iOS_Black_JackTests.xctest */,
			);
			name = Products;
			sourceTree = "<group>";
		};
		17A3170F1ADCBA7800CE03AB /* iOS_Black_Jack */ = {
			isa = PBXGroup;
			children = (
				17A317121ADCBA7800CE03AB /* AppDelegate.swift */,
				17A317141ADCBA7800CE03AB /* ViewController.swift */,
				17A317161ADCBA7800CE03AB /* Main.storyboard */,
				17A317191ADCBA7800CE03AB /* Images.xcassets */,
				17A3171B1ADCBA7800CE03AB /* LaunchScreen.xib */,
				17A317101ADCBA7800CE03AB /* Supporting Files */,
			);
			path = iOS_Black_Jack;
			sourceTree = "<group>";
		};
		17A317101ADCBA7800CE03AB /* Supporting Files */ = {
			isa = PBXGroup;
			children = (
				17A317111ADCBA7800CE03AB /* Info.plist */,
			);
			name = "Supporting Files";
			sourceTree = "<group>";
		};
		17A317251ADCBA7800CE03AB /* iOS_Black_JackTests */ = {
			isa = PBXGroup;
			children = (
				17A317281ADCBA7800CE03AB /* iOS_Black_JackTests.swift */,
				17A317261ADCBA7800CE03AB /* Supporting Files */,
			);
			path = iOS_Black_JackTests;
			sourceTree = "<group>";
		};
		17A317261ADCBA7800CE03AB /* Supporting Files */ = {
			isa = PBXGroup;
			children = (
				17A317271ADCBA7800CE03AB /* Info.plist */,
			);
			name = "Supporting Files";
			sourceTree = "<group>";
		};
/* End PBXGroup section */

/* Begin PBXNativeTarget section */
		17A3170C1ADCBA7800CE03AB /* iOS_Black_Jack */ = {
			isa = PBXNativeTarget;
			buildConfigurationList = 17A3172C1ADCBA7800CE03AB /* Build configuration list for PBXNativeTarget "iOS_Black_Jack" */;
			buildPhases = (
				17A317091ADCBA7800CE03AB /* Sources */,
				17A3170A1ADCBA7800CE03AB /* Frameworks */,
				17A3170B1ADCBA7800CE03AB /* Resources */,
			);
			buildRules = (
			);
			dependencies = (
			);
			name = iOS_Black_Jack;
			productName = iOS_Black_Jack;
			productReference = 17A3170D1ADCBA7800CE03AB /* iOS_Black_Jack.app */;
			productType = "com.apple.product-type.application";
		};
		17A317211ADCBA7800CE03AB /* iOS_Black_JackTests */ = {
			isa = PBXNativeTarget;
			buildConfigurationList = 17A3172F1ADCBA7800CE03AB /* Build configuration list for PBXNativeTarget "iOS_Black_JackTests" */;
			buildPhases = (
				17A3171E1ADCBA7800CE03AB /* Sources */,
				17A3171F1ADCBA7800CE03AB /* Frameworks */,
				17A317201ADCBA7800CE03AB /* Resources */,
			);
			buildRules = (
			);
			dependencies = (
				17A317241ADCBA7800CE03AB /* PBXTargetDependency */,
			);
			name = iOS_Black_JackTests;
			productName = iOS_Black_JackTests;
			productReference = 17A317221ADCBA7800CE03AB /* iOS_Black_JackTests.xctest */;
			productType = "com.apple.product-type.bundle.unit-test";
		};
/* End PBXNativeTarget section */

/* Begin PBXProject section */
		17A317051ADCBA7800CE03AB /* Project object */ = {
			isa = PBXProject;
			attributes = {
				LastUpgradeCheck = 0630;
				ORGANIZATIONNAME = "Kimokeo Rabang";
				TargetAttributes = {
					17A3170C1ADCBA7800CE03AB = {
						CreatedOnToolsVersion = 6.3;
					};
					17A317211ADCBA7800CE03AB = {
						CreatedOnToolsVersion = 6.3;
						TestTargetID = 17A3170C1ADCBA7800CE03AB;
					};
				};
			};
			buildConfigurationList = 17A317081ADCBA7800CE03AB /* Build configuration list for PBXProject "iOS_Black_Jack" */;
			compatibilityVersion = "Xcode 3.2";
			developmentRegion = English;
			hasScannedForEncodings = 0;
			knownRegions = (
				en,
				Base,
			);
			mainGroup = 17A317041ADCBA7800CE03AB;
			productRefGroup = 17A3170E1ADCBA7800CE03AB /* Products */;
			projectDirPath = "";
			projectRoot = "";
			targets = (
				17A3170C1ADCBA7800CE03AB /* iOS_Black_Jack */,
				17A317211ADCBA7800CE03AB /* iOS_Black_JackTests */,
			);
		};
/* End PBXProject section */

/* Begin PBXResourcesBuildPhase section */
		17A3170B1ADCBA7800CE03AB /* Resources */ = {
			isa = PBXResourcesBuildPhase;
			buildActionMask = 2147483647;
			files = (
				17A317181ADCBA7800CE03AB /* Main.storyboard in Resources */,
				17A3171D1ADCBA7800CE03AB /* LaunchScreen.xib in Resources */,
				17A3171A1ADCBA7800CE03AB /* Images.xcassets in Resources */,
			);
			runOnlyForDeploymentPostprocessing = 0;
		};
		17A317201ADCBA7800CE03AB /* Resources */ = {
			isa = PBXResourcesBuildPhase;
			buildActionMask = 2147483647;
			files = (
			);
			runOnlyForDeploymentPostprocessing = 0;
		};
/* End PBXResourcesBuildPhase section */

/* Begin PBXSourcesBuildPhase section */
		17A317091ADCBA7800CE03AB /* Sources */ = {
			isa = PBXSourcesBuildPhase;
			buildActionMask = 2147483647;
			files = (
				17A317151ADCBA7800CE03AB /* ViewController.swift in Sources */,
				17A317131ADCBA7800CE03AB /* AppDelegate.swift in Sources */,
			);
			runOnlyForDeploymentPostprocessing = 0;
		};
		17A3171E1ADCBA7800CE03AB /* Sources */ = {
			isa = PBXSourcesBuildPhase;
			buildActionMask = 2147483647;
			files = (
				17A317291ADCBA7800CE03AB /* iOS_Black_JackTests.swift in Sources */,
			);
			runOnlyForDeploymentPostprocessing = 0;
		};
/* End PBXSourcesBuildPhase section */

/* Begin PBXTargetDependency section */
		17A317241ADCBA7800CE03AB /* PBXTargetDependency */ = {
			isa = PBXTargetDependency;
			target = 17A3170C1ADCBA7800CE03AB /* iOS_Black_Jack */;
			targetProxy = 17A317231ADCBA7800CE03AB /* PBXContainerItemProxy */;
		};
/* End PBXTargetDependency section */

/* Begin PBXVariantGroup section */
		17A317161ADCBA7800CE03AB /* Main.storyboard */ = {
			isa = PBXVariantGroup;
			children = (
				17A317171ADCBA7800CE03AB /* Base */,
			);
			name = Main.storyboard;
			sourceTree = "<group>";
		};
		17A3171B1ADCBA7800CE03AB /* LaunchScreen.xib */ = {
			isa = PBXVariantGroup;
			children = (
				17A3171C1ADCBA7800CE03AB /* Base */,
			);
			name = LaunchScreen.xib;
			sourceTree = "<group>";
		};
/* End PBXVariantGroup section */

/* Begin XCBuildConfiguration section */
		17A3172A1ADCBA7800CE03AB /* Debug */ = {
			isa = XCBuildConfiguration;
			buildSettings = {
				ALWAYS_SEARCH_USER_PATHS = NO;
				CLANG_CXX_LANGUAGE_STANDARD = "gnu++0x";
				CLANG_CXX_LIBRARY = "libc++";
				CLANG_ENABLE_MODULES = YES;
				CLANG_ENABLE_OBJC_ARC = YES;
				CLANG_WARN_BOOL_CONVERSION = YES;
				CLANG_WARN_CONSTANT_CONVERSION = YES;
				CLANG_WARN_DIRECT_OBJC_ISA_USAGE = YES_ERROR;
				CLANG_WARN_EMPTY_BODY = YES;
				CLANG_WARN_ENUM_CONVERSION = YES;
				CLANG_WARN_INT_CONVERSION = YES;
				CLANG_WARN_OBJC_ROOT_CLASS = YES_ERROR;
				CLANG_WARN_UNREACHABLE_CODE = YES;
				CLANG_WARN__DUPLICATE_METHOD_MATCH = YES;
				"CODE_SIGN_IDENTITY[sdk=iphoneos*]" = "iPhone Developer";
				COPY_PHASE_STRIP = NO;
				DEBUG_INFORMATION_FORMAT = "dwarf-with-dsym";
				ENABLE_STRICT_OBJC_MSGSEND = YES;
				GCC_C_LANGUAGE_STANDARD = gnu99;
				GCC_DYNAMIC_NO_PIC = NO;
				GCC_NO_COMMON_BLOCKS = YES;
				GCC_OPTIMIZATION_LEVEL = 0;
				GCC_PREPROCESSOR_DEFINITIONS = (
					"DEBUG=1",
					"$(inherited)",
				);
				GCC_SYMBOLS_PRIVATE_EXTERN = NO;
				GCC_WARN_64_TO_32_BIT_CONVERSION = YES;
				GCC_WARN_ABOUT_RETURN_TYPE = YES_ERROR;
				GCC_WARN_UNDECLARED_SELECTOR = YES;
				GCC_WARN_UNINITIALIZED_AUTOS = YES_AGGRESSIVE;
				GCC_WARN_UNUSED_FUNCTION = YES;
				GCC_WARN_UNUSED_VARIABLE = YES;
				IPHONEOS_DEPLOYMENT_TARGET = 8.3;
				MTL_ENABLE_DEBUG_INFO = YES;
				ONLY_ACTIVE_ARCH = YES;
				SDKROOT = iphoneos;
				SWIFT_OPTIMIZATION_LEVEL = "-Onone";
			};
			name = Debug;
		};
		17A3172B1ADCBA7800CE03AB /* Release */ = {
			isa = XCBuildConfiguration;
			buildSettings = {
				ALWAYS_SEARCH_USER_PATHS = NO;
				CLANG_CXX_LANGUAGE_STANDARD = "gnu++0x";
				CLANG_CXX_LIBRARY = "libc++";
				CLANG_ENABLE_MODULES = YES;
				CLANG_ENABLE_OBJC_ARC = YES;
				CLANG_WARN_BOOL_CONVERSION = YES;
				CLANG_WARN_CONSTANT_CONVERSION = YES;
				CLANG_WARN_DIRECT_OBJC_ISA_USAGE = YES_ERROR;
				CLANG_WARN_EMPTY_BODY = YES;
				CLANG_WARN_ENUM_CONVERSION = YES;
				CLANG_WARN_INT_CONVERSION = YES;
				CLANG_WARN_OBJC_ROOT_CLASS = YES_ERROR;
				CLANG_WARN_UNREACHABLE_CODE = YES;
				CLANG_WARN__DUPLICATE_METHOD_MATCH = YES;
				"CODE_SIGN_IDENTITY[sdk=iphoneos*]" = "iPhone Developer";
				COPY_PHASE_STRIP = NO;
				DEBUG_INFORMATION_FORMAT = "dwarf-with-dsym";
				ENABLE_NS_ASSERTIONS = NO;
				ENABLE_STRICT_OBJC_MSGSEND = YES;
				GCC_C_LANGUAGE_STANDARD = gnu99;
				GCC_NO_COMMON_BLOCKS = YES;
				GCC_WARN_64_TO_32_BIT_CONVERSION = YES;
				GCC_WARN_ABOUT_RETURN_TYPE = YES_ERROR;
				GCC_WARN_UNDECLARED_SELECTOR = YES;
				GCC_WARN_UNINITIALIZED_AUTOS = YES_AGGRESSIVE;
				GCC_WARN_UNUSED_FUNCTION = YES;
				GCC_WARN_UNUSED_VARIABLE = YES;
				IPHONEOS_DEPLOYMENT_TARGET = 8.3;
				MTL_ENABLE_DEBUG_INFO = NO;
				SDKROOT = iphoneos;
				VALIDATE_PRODUCT = YES;
			};
			name = Release;
		};
		17A3172D1ADCBA7800CE03AB /* Debug */ = {
			isa = XCBuildConfiguration;
			buildSettings = {
				ASSETCATALOG_COMPILER_APPICON_NAME = AppIcon;
				INFOPLIST_FILE = iOS_Black_Jack/Info.plist;
				LD_RUNPATH_SEARCH_PATHS = "$(inherited) @executable_path/Frameworks";
				PRODUCT_NAME = "$(TARGET_NAME)";
			};
			name = Debug;
		};
		17A3172E1ADCBA7800CE03AB /* Release */ = {
			isa = XCBuildConfiguration;
			buildSettings = {
				ASSETCATALOG_COMPILER_APPICON_NAME = AppIcon;
				INFOPLIST_FILE = iOS_Black_Jack/Info.plist;
				LD_RUNPATH_SEARCH_PATHS = "$(inherited) @executable_path/Frameworks";
				PRODUCT_NAME = "$(TARGET_NAME)";
			};
			name = Release;
		};
		17A317301ADCBA7800CE03AB /* Debug */ = {
			isa = XCBuildConfiguration;
			buildSettings = {
				BUNDLE_LOADER = "$(TEST_HOST)";
				FRAMEWORK_SEARCH_PATHS = (
					"$(SDKROOT)/Developer/Library/Frameworks",
					"$(inherited)",
				);
				GCC_PREPROCESSOR_DEFINITIONS = (
					"DEBUG=1",
					"$(inherited)",
				);
				INFOPLIST_FILE = iOS_Black_JackTests/Info.plist;
				LD_RUNPATH_SEARCH_PATHS = "$(inherited) @executable_path/Frameworks @loader_path/Frameworks";
				PRODUCT_NAME = "$(TARGET_NAME)";
				TEST_HOST = "$(BUILT_PRODUCTS_DIR)/iOS_Black_Jack.app/iOS_Black_Jack";
			};
			name = Debug;
		};
		17A317311ADCBA7800CE03AB /* Release */ = {
			isa = XCBuildConfiguration;
			buildSettings = {
				BUNDLE_LOADER = "$(TEST_HOST)";
				FRAMEWORK_SEARCH_PATHS = (
					"$(SDKROOT)/Developer/Library/Frameworks",
					"$(inherited)",
				);
				INFOPLIST_FILE = iOS_Black_JackTests/Info.plist;
				LD_RUNPATH_SEARCH_PATHS = "$(inherited) @executable_path/Frameworks @loader_path/Frameworks";
				PRODUCT_NAME = "$(TARGET_NAME)";
				TEST_HOST = "$(BUILT_PRODUCTS_DIR)/iOS_Black_Jack.app/iOS_Black_Jack";
			};
			name = Release;
		};
/* End XCBuildConfiguration section */

/* Begin XCConfigurationList section */
		17A317081ADCBA7800CE03AB /* Build configuration list for PBXProject "iOS_Black_Jack" */ = {
			isa = XCConfigurationList;
			buildConfigurations = (
				17A3172A1ADCBA7800CE03AB /* Debug */,
				17A3172B1ADCBA7800CE03AB /* Release */,
			);
			defaultConfigurationIsVisible = 0;
			defaultConfigurationName = Release;
		};
		17A3172C1ADCBA7800CE03AB /* Build configuration list for PBXNativeTarget "iOS_Black_Jack" */ = {
			isa = XCConfigurationList;
			buildConfigurations = (
				17A3172D1ADCBA7800CE03AB /* Debug */,
				17A3172E1ADCBA7800CE03AB /* Release */,
			);
			defaultConfigurationIsVisible = 0;
		};
		17A3172F1ADCBA7800CE03AB /* Build configuration list for PBXNativeTarget "iOS_Black_JackTests" */ = {
			isa = XCConfigurationList;
			buildConfigurations = (
				17A317301ADCBA7800CE03AB /* Debug */,
				17A317311ADCBA7800CE03AB /* Release */,
			);
			defaultConfigurationIsVisible = 0;
		};
/* End XCConfigurationList section */
	};
	rootObject = 17A317051ADCBA7800CE03AB /* Project object */;
}
